{
  "name": "wtfcode-analysis-workers",
  "lockfileVersion": 3,
  "requires": true,
  "packages": {
    "": {
      "name": "wtfcode-analysis-workers",
      "dependencies": {
        "@ast-grep/napi": "0.45.1",
        "cytoscape": "3.34.1",
        "tree-sitter-wasms": "0.1.13",
        "ts-morph": "28.0.0",
        "web-tree-sitter": "0.20.8"
      },
      "engines": {
        "node": ">=20"
      }
    },
    "node_modules/@ast-grep/napi": {
      "version": "0.45.1",
      "resolved": "https://registry.npmjs.org/@ast-grep/napi/-/napi-0.45.1.tgz",
      "integrity": "sha512-4cmGQEHoP9GLHEhGvd1vgSzO3Y6KF7FczDk4+q/VfXV9/9sNxNVgNHC8t3BglhIADDcoHrCMc9aw4lHG+M240A==",
      "license": "MIT",
      "engines": {
        "node": ">= 10"
      },
      "optionalDependencies": {
        "@ast-grep/napi-darwin-arm64": "0.45.1",
        "@ast-grep/napi-darwin-x64": "0.45.1",
        "@ast-grep/napi-linux-arm64-gnu": "0.45.1",
        "@ast-grep/napi-linux-arm64-musl": "0.45.1",
        "@ast-grep/napi-linux-x64-gnu": "0.45.1",
        "@ast-grep/napi-linux-x64-musl": "0.45.1",
        "@ast-grep/napi-win32-arm64-msvc": "0.45.1",
        "@ast-grep/napi-win32-ia32-msvc": "0.45.1",
        "@ast-grep/napi-win32-x64-msvc": "0.45.1"
      }
    },
    "node_modules/@ast-grep/napi-darwin-arm64": {
      "version": "0.45.1",
      "resolved": "https://registry.npmjs.org/@ast-grep/napi-darwin-arm64/-/napi-darwin-arm64-0.45.1.tgz",
      "integrity": "sha512-CthYcA0H3z5A2EHKH4rhSuFzpYUtxqUMnohmejxtMS6wiAgriKhOCopxN8XKclspYMtQyX2GC/PbvcU3dIbQHw==",
      "cpu": [
        "arm64"
      ],
      "license": "MIT",
      "optional": true,
      "os": [
        "darwin"
      ],
      "engines": {
        "node": ">= 10"
      }
    },
    "node_modules/@ast-grep/napi-darwin-x64": {
      "version": "0.45.1",
      "resolved": "https://registry.npmjs.org/@ast-grep/napi-darwin-x64/-/napi-darwin-x64-0.45.1.tgz",
      "integrity": "sha512-PhlXMDEEH5fMjXjYcrbeNgGqrojj4zN8C7eMQC6M4pVkuW74uPhrblD4KUbNunp5I2LkWCdKOs36jhBaZe1iPw==",
      "cpu": [
        "x64"
      ],
      "license": "MIT",
      "optional": true,
      "os": [
        "darwin"
      ],
      "engines": {
        "node": ">= 10"
      }
    },
    "node_modules/@ast-grep/napi-linux-arm64-gnu": {
      "version": "0.45.1",
      "resolved": "https://registry.npmjs.org/@ast-grep/napi-linux-arm64-gnu/-/napi-linux-arm64-gnu-0.45.1.tgz",
      "integrity": "sha512-XScjs95/SrsV6kLl9MnF2qbqwKU79bcBA3JHi6xUu+hf0uZ0lc6MsZ595cEy5yw9PYRhgqwrT3wta9p4qU4jpg==",
      "cpu": [
        "arm64"
      ],
      "libc": [
        "glibc"
      ],
      "license": "MIT",
      "optional": true,
      "os": [
        "linux"
      ],
      "engines": {
        "node": ">= 10"
      }
    },
    "node_modules/@ast-grep/napi-linux-arm64-musl": {
      "version": "0.45.1",
      "resolved": "https://registry.npmjs.org/@ast-grep/napi-linux-arm64-musl/-/napi-linux-arm64-musl-0.45.1.tgz",
      "integrity": "sha512-qjH5CN5KIUdJW2dHfp8W57QsP6H0mA6E/rboKEzAxw6Ant1q2ZKqE3bLHUZMDoZXOBGdCODSZm0bTDcctiP49g==",
      "cpu": [
        "arm64"
      ],
      "libc": [
        "musl"
      ],
      "license": "MIT",
      "optional": true,
      "os": [
        "linux"
      ],
      "engines": {
        "node": ">= 10"
      }
    },
    "node_modules/@ast-grep/napi-linux-x64-gnu": {
      "version": "0.45.1",
      "resolved": "https://registry.npmjs.org/@ast-grep/napi-linux-x64-gnu/-/napi-linux-x64-gnu-0.45.1.tgz",
      "integrity": "sha512-nPP0y5EnehCgmYqvVDKSvH4vHbEFdAi8L+Kq2Sz94vK32yv4eOWf9vWhgoPscWpw76GWuwhpDvME8SZARnS3DQ==",
      "cpu": [
        "x64"
      ],
      "libc": [
        "glibc"
      ],
      "license": "MIT",
      "optional": true,
      "os": [
        "linux"
      ],
      "engines": {
        "node": ">= 10"
      }
    },
    "node_modules/@ast-grep/napi-linux-x64-musl": {
      "version": "0.45.1",
      "resolved": "https://registry.npmjs.org/@ast-grep/napi-linux-x64-musl/-/napi-linux-x64-musl-0.45.1.tgz",
      "integrity": "sha512-sg50LKH7TskWd/boWVFp9gwKc3Jd8sg0f8P6T2VQemX/EOj+OFaMJ2+y7Ok17WI/dODkrZgAPUwq7RAvMzLtqg==",
      "cpu": [
        "x64"
      ],
      "libc": [
        "musl"
      ],
      "license": "MIT",
      "optional": true,
      "os": [
        "linux"
      ],
      "engines": {
        "node": ">= 10"
      }
    },
    "node_modules/@ast-grep/napi-win32-arm64-msvc": {
      "version": "0.45.1",
      "resolved": "https://registry.npmjs.org/@ast-grep/napi-win32-arm64-msvc/-/napi-win32-arm64-msvc-0.45.1.tgz",
      "integrity": "sha512-wnTmD34OD9bUpdBVTb58P0y+YPb/2C2g07zj96LSk5R4pdcEMrCFsrWZlaNwtEV4q7L9BfLgrxq3MBGI8c6doA==",
      "cpu": [
        "arm64"
      ],
      "license": "MIT",
      "optional": true,
      "os": [
        "win32"
      ],
      "engines": {
        "node": ">= 10"
      }
    },
    "node_modules/@ast-grep/napi-win32-ia32-msvc": {
      "version": "0.45.1",
      "resolved": "https://registry.npmjs.org/@ast-grep/napi-win32-ia32-msvc/-/napi-win32-ia32-msvc-0.45.1.tgz",
      "integrity": "sha512-gRyJwRPY1mWRtnJ6AMncV2pNU+B2indjLCb9z/+aZrUN5u/gOxYryEzvRatyC9rVUMeQGJD+k0htpsqIwgXVbA==",
      "cpu": [
        "ia32"
      ],
      "license": "MIT",
      "optional": true,
      "os": [
        "win32"
      ],
      "engines": {
        "node": ">= 10"
      }
    },
    "node_modules/@ast-grep/napi-win32-x64-msvc": {
      "version": "0.45.1",
      "resolved": "https://registry.npmjs.org/@ast-grep/napi-win32-x64-msvc/-/napi-win32-x64-msvc-0.45.1.tgz",
      "integrity": "sha512-mzfMmCO7tSNks+NGkGkSnDBKxBjHoOLAMJt2IbAkMYATxHC0RqfBoN7Qtd02VGhHWEfwWLPv/wU6MrvweZ3jdQ==",
      "cpu": [
        "x64"
      ],
      "license": "MIT",
      "optional": true,
      "os": [
        "win32"
      ],
      "engines": {
        "node": ">= 10"
      }
    },
    "node_modules/@ts-morph/common": {
      "version": "0.29.0",
      "resolved": "https://registry.npmjs.org/@ts-morph/common/-/common-0.29.0.tgz",
      "integrity": "sha512-35oUmphHbJvQ/+UTwFNme/t2p3FoKiGJ5auTjjpNTop2dyREspirjMy82PLSC1pnDJ8ah1GU98hwpVt64YXQsg==",
      "license": "MIT",
      "dependencies": {
        "minimatch": "^10.0.1",
        "path-browserify": "^1.0.1",
        "tinyglobby": "^0.2.14"
      }
    },
    "node_modules/balanced-match": {
      "version": "4.0.4",
      "resolved": "https://registry.npmjs.org/balanced-match/-/balanced-match-4.0.4.tgz",
      "integrity": "sha512-BLrgEcRTwX2o6gGxGOCNyMvGSp35YofuYzw9h1IMTRmKqttAZZVU67bdb9Pr2vUHA8+j3i2tJfjO6C6+4myGTA==",
      "license": "MIT",
      "engines": {
        "node": "18 || 20 || >=22"
      }
    },
    "node_modules/brace-expansion": {
      "version": "5.0.9",
      "resolved": "https://registry.npmjs.org/brace-expansion/-/brace-expansion-5.0.9.tgz",
      "integrity": "sha512-ScQ4IuvIEF1TMlP7Zt+vjJ//9zlPb2SDcxWxM3bk8s6t6GGdJ7KO1dCcTidOPJKePW30LE/2cT7wCyPho9/Wxg==",
      "license": "MIT",
      "dependencies": {
        "balanced-match": "^4.0.2"
      },
      "engines": {
        "node": "20 || >=22"
      }
    },
    "node_modules/code-block-writer": {
      "version": "13.0.3",
      "resolved": "https://registry.npmjs.org/code-block-writer/-/code-block-writer-13.0.3.tgz",
      "integrity": "sha512-Oofo0pq3IKnsFtuHqSF7TqBfr71aeyZDVJ0HpmqB7FBM2qEigL0iPONSCZSO9pE9dZTAxANe5XHG9Uy0YMv8cg==",
      "license": "MIT"
    },
    "node_modules/cytoscape": {
      "version": "3.34.1",
      "resolved": "https://registry.npmjs.org/cytoscape/-/cytoscape-3.34.1.tgz",
      "integrity": "sha512-Lr0RvH9H75y9ar8h9Toy6u4lxRSCcxUq+hHcQ26sVWo6BnaQp1gwEZOYqwuYTZhyW7npyKnNLP8oJ2p1/3OZ7g==",
      "license": "MIT",
      "engines": {
        "node": ">=0.10"
      }
    },
    "node_modules/fdir": {
      "version": "6.5.0",
      "resolved": "https://registry.npmjs.org/fdir/-/fdir-6.5.0.tgz",
      "integrity": "sha512-tIbYtZbucOs0BRGqPJkshJUYdL+SDH7dVM8gjy+ERp3WAUjLEFJE+02kanyHtwjWOnwrKYBiwAmM0p4kLJAnXg==",
      "license": "MIT",
      "engines": {
        "node": ">=12.0.0"
      },
      "peerDependencies": {
        "picomatch": "^3 || ^4"
      },
      "peerDependenciesMeta": {
        "picomatch": {
          "optional": true
        }
      }
    },
    "node_modules/minimatch": {
      "version": "10.2.6",
      "resolved": "https://registry.npmjs.org/minimatch/-/minimatch-10.2.6.tgz",
      "integrity": "sha512-vpLQEs+VLCr1nU0BXS07maYoFwlDAH0gngQuuttxIwutDFEMHq2blX+8vpgxDdK3J1PwjCJiep77OitTZ4Ll1A==",
      "license": "BlueOak-1.0.0",
      "dependencies": {
        "brace-expansion": "^5.0.8"
      },
      "engines": {
        "node": "18 || 20 || >=22"
      },
      "funding": {
        "url": "https://github.com/sponsors/isaacs"
      }
    },
    "node_modules/path-browserify": {
      "version": "1.0.1",
      "resolved": "https://registry.npmjs.org/path-browserify/-/path-browserify-1.0.1.tgz",
      "integrity": "sha512-b7uo2UCUOYZcnF/3ID0lulOJi/bafxa1xPe7ZPsammBSpjSWQkjNxlt635YGS2MiR9GjvuXCtz2emr3jbsz98g==",
      "license": "MIT"
    },
    "node_modules/picomatch": {
      "version": "4.0.5",
      "resolved": "https://registry.npmjs.org/picomatch/-/picomatch-4.0.5.tgz",
      "integrity": "sha512-RvwwcruNjI1ncT5xRakeyS9Lf8lcItv34KD+aif+VH9kduAyfYBipGh12274xtenIPZ119/R9BdTBa8gAwSh0A==",
      "license": "MIT",
      "engines": {
        "node": ">=12"
      },
      "funding": {
        "url": "https://github.com/sponsors/jonschlinkert"
      }
    },
    "node_modules/tinyglobby": {
      "version": "0.2.17",
      "resolved": "https://registry.npmjs.org/tinyglobby/-/tinyglobby-0.2.17.tgz",
      "integrity": "sha512-wXR/dYpcqKmfWpEdZjiKJOwCNFndD0DMnrW/cYjVGttEkBfVgcLFHoNrlj47mjOVic9yyNu65alsgF4NQyTa2g==",
      "license": "MIT",
      "dependencies": {
        "fdir": "^6.5.0",
        "picomatch": "^4.0.4"
      },
      "engines": {
        "node": ">=12.0.0"
      },
      "funding": {
        "url": "https://github.com/sponsors/SuperchupuDev"
      }
    },
    "node_modules/tree-sitter-wasms": {
      "version": "0.1.13",
      "resolved": "https://registry.npmjs.org/tree-sitter-wasms/-/tree-sitter-wasms-0.1.13.tgz",
      "integrity": "sha512-wT+cR6DwaIz80/vho3AvSF0N4txuNx/5bcRKoXouOfClpxh/qqrF4URNLQXbbt8MaAxeksZcZd1j8gcGjc+QxQ==",
      "license": "Unlicense",
      "dependencies": {
        "tree-sitter-wasms": "^0.1.11"
      }
    },
    "node_modules/ts-morph": {
      "version": "28.0.0",
      "resolved": "https://registry.npmjs.org/ts-morph/-/ts-morph-28.0.0.tgz",
      "integrity": "sha512-Wp3tnZ2bzwxyTZMtgWVzXDfm7lB1Drz+y9DmmYH/L702PQhPyVrp3pkou3yIz4qjS14GY9kcpmLiOOMvl8oG1g==",
      "license": "MIT",
      "dependencies": {
        "@ts-morph/common": "~0.29.0",
        "code-block-writer": "^13.0.3"
      }
    },
    "node_modules/web-tree-sitter": {
      "version": "0.20.8",
      "resolved": "https://registry.npmjs.org/web-tree-sitter/-/web-tree-sitter-0.20.8.tgz",
      "integrity": "sha512-weOVgZ3aAARgdnb220GqYuh7+rZU0Ka9k9yfKtGAzEYMa6GgiCzW9JjQRJyCJakvibQW+dfjJdihjInKuuCAUQ==",
      "license": "MIT"
    }
  }
}
